
Microsoft Visual Studio Solution File, Format Version 12.00
# Visual Studio Version 17
VisualStudioVersion = 17.9.34622.214
MinimumVisualStudioVersion = 10.0.40219.1
Project("{FAE04EC0-301F-11D3-BF4B-00C04F79EFBC}") = "BackendUsuario", "BackendUsuario.csproj", "{D4485904-E009-4227-BAB2-D7A27A08DC82}"
EndProject
Global
	GlobalSection(SolutionConfigurationPlatforms) = preSolution
		Debug|Any CPU = Debug|Any CPU
		Release|Any CPU = Release|Any CPU
	EndGlobalSection
	GlobalSection(ProjectConfigurationPlatforms) = postSolution
		{D4485904-E009-4227-BAB2-D7A27A08DC82}.Debug|Any CPU.ActiveCfg = Debug|Any CPU
		{D4485904-E009-4227-BAB2-D7A27A08DC82}.Debug|Any CPU.Build.0 = Debug|Any CPU
		{D4485904-E009-4227-BAB2-D7A27A08DC82}.Release|Any CPU.ActiveCfg = Release|Any CPU
		{D4485904-E009-4227-BAB2-D7A27A08DC82}.Release|Any CPU.Build.0 = Release|Any CPU
	EndGlobalSection
	GlobalSection(SolutionProperties) = preSolution
		HideSolutionNode = FALSE
	EndGlobalSection
	GlobalSection(ExtensibilityGlobals) = postSolution
		SolutionGuid = {BEB3FEEF-5190-42CD-A89D-8195BE84C524}
	EndGlobalSection
EndGlobal
